{
  "nodes": {
    "agenix": {
      "inputs": {
        "darwin": "darwin",
        "nixpkgs": [
          "nixpkgs"
        ]
      },
      "locked": {
        "lastModified": 1682101079,
        "narHash": "sha256-MdAhtjrLKnk2uiqun1FWABbKpLH090oeqCSiWemtuck=",
        "owner": "ryantm",
        "repo": "agenix",
        "rev": "2994d002dcff5353ca1ac48ec584c7f6589fe447",
        "type": "github"
      },
      "original": {
        "owner": "ryantm",
        "repo": "agenix",
        "type": "github"
      }
    },
    "darwin": {
      "inputs": {
        "nixpkgs": [
          "agenix",
          "nixpkgs"
        ]
      },
      "locked": {
        "lastModified": 1673295039,
        "narHash": "sha256-AsdYgE8/GPwcelGgrntlijMg4t3hLFJFCRF3tL5WVjA=",
        "owner": "lnl7",
        "repo": "nix-darwin",
        "rev": "87b9d090ad39b25b2400029c64825fc2a8868943",
        "type": "github"
      },
      "original": {
        "owner": "lnl7",
        "ref": "master",
        "repo": "nix-darwin",
        "type": "github"
      }
    },
    "darwin_2": {
      "inputs": {
        "nixpkgs": [
          "nixpkgs"
        ]
      },
      "locked": {
        "lastModified": 1682773107,
        "narHash": "sha256-+h94XeJnG3uk5imJlBi/1lVmcfCbxHpwZp5u7n3Krwg=",
        "owner": "lnl7",
        "repo": "nix-darwin",
        "rev": "379d42fad6bc5c28f79d5f7ff2fa5f1c90cb7bf8",
        "type": "github"
      },
      "original": {
        "owner": "lnl7",
        "ref": "master",
        "repo": "nix-darwin",
        "type": "github"
      }
    },
    "emacs": {
      "inputs": {
        "emacs-src": "emacs-src",
        "emacs-vterm-src": "emacs-vterm-src",
        "nixpkgs": "nixpkgs"
      },
      "locked": {
        "lastModified": 1681174290,
        "narHash": "sha256-5KzYWuMRC4JfWsCGOjUVyW3LxPAiyLjzaDdxf5h7IyQ=",
        "owner": "cmacrae",
        "repo": "emacs",
        "rev": "bd5ce72dbfa3d39c60ca05c37fc1e475a18329e8",
        "type": "github"
      },
      "original": {
        "owner": "cmacrae",
        "repo": "emacs",
        "type": "github"
      }
    },
    "emacs-src": {
      "flake": false,
      "locked": {
        "lastModified": 1681168497,
        "narHash": "sha256-LbEvlkH/NCoMfgBbnypPJKzylDoiYDts+iqPynHjzRU=",
        "owner": "emacs-mirror",
        "repo": "emacs",
        "rev": "9efa6d2cf28f4e21f23bb0dbfedc59a4286dab12",
        "type": "github"
      },
      "original": {
        "owner": "emacs-mirror",
        "repo": "emacs",
        "type": "github"
      }
    },
    "emacs-vterm-src": {
      "flake": false,
      "locked": {
        "lastModified": 1676600925,
        "narHash": "sha256-c3puNJ0YATQkT3tjQ22PPmMonNzTp6SPzzheS7m1pd8=",
        "owner": "akermu",
        "repo": "emacs-libvterm",
        "rev": "3e5a9b754b8e61850bb7d1b63b090b9fbf6687f3",
        "type": "github"
      },
      "original": {
        "owner": "akermu",
        "repo": "emacs-libvterm",
        "type": "github"
      }
    },
    "flake-utils": {
      "inputs": {
        "systems": "systems"
      },
      "locked": {
        "lastModified": 1681202837,
        "narHash": "sha256-H+Rh19JDwRtpVPAWp64F+rlEtxUWBAQW28eAi3SRSzg=",
        "owner": "numtide",
        "repo": "flake-utils",
        "rev": "cfacdce06f30d2b68473a46042957675eebb3401",
        "type": "github"
      },
      "original": {
        "owner": "numtide",
        "repo": "flake-utils",
        "type": "github"
      }
    },
    "homemanager": {
      "inputs": {
        "nixpkgs": [
          "nixpkgs"
        ],
        "utils": "utils"
      },
      "locked": {
        "lastModified": 1681092193,
        "narHash": "sha256-JerCqqOqbT2tBnXQW4EqwFl0hHnuZp21rIQ6lu/N4rI=",
        "owner": "nix-community",
        "repo": "home-manager",
        "rev": "f9edbedaf015013eb35f8caacbe0c9666bbc16af",
        "type": "github"
      },
      "original": {
        "owner": "nix-community",
        "ref": "release-22.11",
        "repo": "home-manager",
        "type": "github"
      }
    },
    "nixpkgs": {
      "locked": {
        "lastModified": 1681124868,
        "narHash": "sha256-B93QD0zFE6yc7R5F0bwdhY+y7s5UU9nrlhAAw1OA9mI=",
        "owner": "nixos",
        "repo": "nixpkgs",
        "rev": "21f48f0d273ef58c46b9b4c14cf5706c72a36e43",
        "type": "github"
      },
      "original": {
        "owner": "nixos",
        "ref": "nixpkgs-unstable",
        "repo": "nixpkgs",
        "type": "github"
      }
    },
    "nixpkgs-unstable": {
      "locked": {
        "lastModified": 1683392273,
        "narHash": "sha256-pZTuxvcuDeBG+vvE1zczNyEUzlPbzXVh8Ed45Fzo+tQ=",
        "owner": "nixos",
        "repo": "nixpkgs",
        "rev": "16b3b0c53b1ee8936739f8c588544e7fcec3fc60",
        "type": "github"
      },
      "original": {
        "owner": "nixos",
        "ref": "nixpkgs-unstable",
        "repo": "nixpkgs",
        "type": "github"
      }
    },
    "nixpkgs_2": {
      "locked": {
        "lastModified": 1683383741,
        "narHash": "sha256-rAQSBnFGNKNomUUyVl+7v0tnp45677t4Ovlh9f57k6Q=",
        "owner": "nixos",
        "repo": "nixpkgs",
        "rev": "adc7c6f1bbaa73cda26be2323353b63a05b42f61",
        "type": "github"
      },
      "original": {
        "owner": "nixos",
        "ref": "nixpkgs-22.11-darwin",
        "repo": "nixpkgs",
        "type": "github"
      }
    },
    "root": {
      "inputs": {
        "agenix": "agenix",
        "darwin": "darwin_2",
        "emacs": "emacs",
        "homemanager": "homemanager",
        "nixpkgs": "nixpkgs_2",
        "nixpkgs-unstable": "nixpkgs-unstable",
        "rust-overlay": "rust-overlay",
        "zk": "zk"
      }
    },
    "rust-overlay": {
      "inputs": {
        "flake-utils": "flake-utils",
        "nixpkgs": [
          "nixpkgs"
        ]
      },
      "locked": {
        "lastModified": 1683426137,
        "narHash": "sha256-iqLjaJDMppvK1ae1eL55b2r7EX+rbUuEnssFOe9eOm8=",
        "owner": "oxalica",
        "repo": "rust-overlay",
        "rev": "546a8209ce0965475495dd422e4ab3c6de7a268c",
        "type": "github"
      },
      "original": {
        "owner": "oxalica",
        "repo": "rust-overlay",
        "type": "github"
      }
    },
    "systems": {
      "locked": {
        "lastModified": 1681028828,
        "narHash": "sha256-Vy1rq5AaRuLzOxct8nz4T6wlgyUR7zLU309k9mBC768=",
        "owner": "nix-systems",
        "repo": "default",
        "rev": "da67096a3b9bf56a91d16901293e51ba5b49a27e",
        "type": "github"
      },
      "original": {
        "owner": "nix-systems",
        "repo": "default",
        "type": "github"
      }
    },
    "utils": {
      "locked": {
        "lastModified": 1667395993,
        "narHash": "sha256-nuEHfE/LcWyuSWnS8t12N1wc105Qtau+/OdUAjtQ0rA=",
        "owner": "numtide",
        "repo": "flake-utils",
        "rev": "5aed5285a952e0b949eb3ba02c12fa4fcfef535f",
        "type": "github"
      },
      "original": {
        "owner": "numtide",
        "repo": "flake-utils",
        "type": "github"
      }
    },
    "zk": {
      "flake": false,
      "locked": {
        "lastModified": 1681226526,
        "narHash": "sha256-EH3ELjBfrNoU2xMxJdHf3xxDRNMWvp6YQhLi1z4LAlE=",
        "owner": "mickael-menu",
        "repo": "zk",
        "rev": "e26ac5133e052d0c08fc8df91bff33dea491f16c",
        "type": "github"
      },
      "original": {
        "owner": "mickael-menu",
        "repo": "zk",
        "type": "github"
      }
    }
  },
  "root": "root",
  "version": 7
}
